
Microsoft Visual Studio Solution File, Format Version 12.00
# Visual Studio Version 16
VisualStudioVersion = 16.0.29009.5
MinimumVisualStudioVersion = 10.0.40219.1
Project("{F2A71F9B-5D33-465A-A702-920D77279786}") = "NestFsExtensions", "NestFsExtensions\NestFsExtensions.fsproj", "{FDBCD3F8-3ABD-4F9E-870E-73E0049B00ED}"
EndProject
Global
	GlobalSection(SolutionConfigurationPlatforms) = preSolution
		Debug|Any CPU = Debug|Any CPU
		Release|Any CPU = Release|Any CPU
	EndGlobalSection
	GlobalSection(ProjectConfigurationPlatforms) = postSolution
		{FDBCD3F8-3ABD-4F9E-870E-73E0049B00ED}.Debug|Any CPU.ActiveCfg = Debug|Any CPU
		{FDBCD3F8-3ABD-4F9E-870E-73E0049B00ED}.Debug|Any CPU.Build.0 = Debug|Any CPU
		{FDBCD3F8-3ABD-4F9E-870E-73E0049B00ED}.Release|Any CPU.ActiveCfg = Release|Any CPU
		{FDBCD3F8-3ABD-4F9E-870E-73E0049B00ED}.Release|Any CPU.Build.0 = Release|Any CPU
	EndGlobalSection
	GlobalSection(SolutionProperties) = preSolution
		HideSolutionNode = FALSE
	EndGlobalSection
	GlobalSection(ExtensibilityGlobals) = postSolution
		SolutionGuid = {09DA788B-718A-4ABE-B05D-06D3F576CEE5}
	EndGlobalSection
EndGlobal
